
Microsoft Visual Studio Solution File, Format Version 12.00
# Visual Studio 14
VisualStudioVersion = 14.0.25123.0
MinimumVisualStudioVersion = 10.0.40219.1
Project("{FAE04EC0-301F-11D3-BF4B-00C04F79EFBC}") = "CsLex", "CsLex\CsLex.csproj", "{B238564F-595A-4449-9E7A-CC181AE6E966}"
EndProject
Project("{FAE04EC0-301F-11D3-BF4B-00C04F79EFBC}") = "gppg", "gppg\gppg.csproj", "{462853ED-74F8-49FD-AD69-B098B93357E7}"
EndProject
Global
	GlobalSection(SolutionConfigurationPlatforms) = preSolution
		Debug|Any CPU = Debug|Any CPU
		Release|Any CPU = Release|Any CPU
	EndGlobalSection
	GlobalSection(ProjectConfigurationPlatforms) = postSolution
		{B238564F-595A-4449-9E7A-CC181AE6E966}.Debug|Any CPU.ActiveCfg = Debug|Any CPU
		{B238564F-595A-4449-9E7A-CC181AE6E966}.Debug|Any CPU.Build.0 = Debug|Any CPU
		{B238564F-595A-4449-9E7A-CC181AE6E966}.Release|Any CPU.ActiveCfg = Release|Any CPU
		{B238564F-595A-4449-9E7A-CC181AE6E966}.Release|Any CPU.Build.0 = Release|Any CPU
		{462853ED-74F8-49FD-AD69-B098B93357E7}.Debug|Any CPU.ActiveCfg = Debug|Any CPU
		{462853ED-74F8-49FD-AD69-B098B93357E7}.Debug|Any CPU.Build.0 = Debug|Any CPU
		{462853ED-74F8-49FD-AD69-B098B93357E7}.Release|Any CPU.ActiveCfg = Release|Any CPU
		{462853ED-74F8-49FD-AD69-B098B93357E7}.Release|Any CPU.Build.0 = Release|Any CPU
	EndGlobalSection
	GlobalSection(SolutionProperties) = preSolution
		HideSolutionNode = FALSE
	EndGlobalSection
EndGlobal
